
Microsoft Visual Studio Solution File, Format Version 12.00
# Visual Studio Version 16
VisualStudioVersion = 16.0.31112.23
MinimumVisualStudioVersion = 10.0.40219.1
Project("{9A19103F-16F7-4668-BE54-9A1E7A4F7556}") = "OpenITDemo.Tests", "OpenITDemo.Tests\OpenITDemo.Tests.csproj", "{8DD8F1F3-3E07-4E02-A25A-BE8979FB12FC}"
EndProject
Project("{FAE04EC0-301F-11D3-BF4B-00C04F79EFBC}") = "OpenITDemo.Domain", "OpenITDemo.Domain\OpenITDemo.Domain.csproj", "{3BB1B191-F98E-46D6-8997-B9557CDF21B1}"
EndProject
Project("{FAE04EC0-301F-11D3-BF4B-00C04F79EFBC}") = "OpenITDemo.Web", "OpenITDemo.Web\OpenITDemo.Web.csproj", "{50BD8C72-DDFC-4F18-94C9-9A00582FCEAB}"
EndProject
Project("{FAE04EC0-301F-11D3-BF4B-00C04F79EFBC}") = "OpenITDemo.Mobile", "OpenITDemo.Mobile\OpenITDemo.Mobile.csproj", "{4657FF5D-60B9-47F3-BD5E-F1B5DC318E08}"
EndProject
Global
	GlobalSection(SolutionConfigurationPlatforms) = preSolution
		Debug|Any CPU = Debug|Any CPU
		Release|Any CPU = Release|Any CPU
	EndGlobalSection
	GlobalSection(ProjectConfigurationPlatforms) = postSolution
		{8DD8F1F3-3E07-4E02-A25A-BE8979FB12FC}.Debug|Any CPU.ActiveCfg = Debug|Any CPU
		{8DD8F1F3-3E07-4E02-A25A-BE8979FB12FC}.Debug|Any CPU.Build.0 = Debug|Any CPU
		{8DD8F1F3-3E07-4E02-A25A-BE8979FB12FC}.Release|Any CPU.ActiveCfg = Release|Any CPU
		{8DD8F1F3-3E07-4E02-A25A-BE8979FB12FC}.Release|Any CPU.Build.0 = Release|Any CPU
		{3BB1B191-F98E-46D6-8997-B9557CDF21B1}.Debug|Any CPU.ActiveCfg = Debug|Any CPU
		{3BB1B191-F98E-46D6-8997-B9557CDF21B1}.Debug|Any CPU.Build.0 = Debug|Any CPU
		{3BB1B191-F98E-46D6-8997-B9557CDF21B1}.Release|Any CPU.ActiveCfg = Release|Any CPU
		{3BB1B191-F98E-46D6-8997-B9557CDF21B1}.Release|Any CPU.Build.0 = Release|Any CPU
		{50BD8C72-DDFC-4F18-94C9-9A00582FCEAB}.Debug|Any CPU.ActiveCfg = Debug|Any CPU
		{50BD8C72-DDFC-4F18-94C9-9A00582FCEAB}.Debug|Any CPU.Build.0 = Debug|Any CPU
		{50BD8C72-DDFC-4F18-94C9-9A00582FCEAB}.Release|Any CPU.ActiveCfg = Release|Any CPU
		{50BD8C72-DDFC-4F18-94C9-9A00582FCEAB}.Release|Any CPU.Build.0 = Release|Any CPU
		{4657FF5D-60B9-47F3-BD5E-F1B5DC318E08}.Debug|Any CPU.ActiveCfg = Debug|Any CPU
		{4657FF5D-60B9-47F3-BD5E-F1B5DC318E08}.Debug|Any CPU.Build.0 = Debug|Any CPU
		{4657FF5D-60B9-47F3-BD5E-F1B5DC318E08}.Release|Any CPU.ActiveCfg = Release|Any CPU
		{4657FF5D-60B9-47F3-BD5E-F1B5DC318E08}.Release|Any CPU.Build.0 = Release|Any CPU
	EndGlobalSection
	GlobalSection(SolutionProperties) = preSolution
		HideSolutionNode = FALSE
	EndGlobalSection
	GlobalSection(ExtensibilityGlobals) = postSolution
		SolutionGuid = {504DBFCB-698A-4133-99AA-C90E59284659}
	EndGlobalSection
EndGlobal
